// !$*UTF8*$!
{
	archiveVersion = 1;
	classes = {
	};
	objectVersion = 77;
	objects = {

/* Begin PBXBuildFile section */
		0176605673F0EC5B3435FC0C /* OllamaProvider.swift in Sources */ = {isa = PBXBuildFile; fileRef = 22A0B26FC7EA98209FD4A824 /* OllamaProvider.swift */; };
		018FB01EB02193AEABA07E2E /* CompanionViewModel.swift in Sources */ = {isa = PBXBuildFile; fileRef = D6D6CCB947549E1CB892B852 /* CompanionViewModel.swift */; };
		0B0FC3FF3E611E3B482A6DB0 /* SettingsRootView.swift in Sources */ = {isa = PBXBuildFile; fileRef = 4A955B13B21F845B9E548EF7 /* SettingsRootView.swift */; };
		1B54D34E1E020C69E54BB19A /* RecentMessageMemory.swift in Sources */ = {isa = PBXBuildFile; fileRef = 3D0CEFD7B5FE71A241B49D60 /* RecentMessageMemory.swift */; };
		1F055638C8A36E2E5AF76D0F /* LoginItemManager.swift in Sources */ = {isa = PBXBuildFile; fileRef = 0EF6A8B80F48322F2EAA0BBA /* LoginItemManager.swift */; };
		20AA3A1F8FF66D2B35C3DAA2 /* AppDelegate.swift in Sources */ = {isa = PBXBuildFile; fileRef = 325955074560BE90B2D227E1 /* AppDelegate.swift */; };
		23A0C012F1E95780129FABEF /* MLXProvider.swift in Sources */ = {isa = PBXBuildFile; fileRef = DD2190B8ECFA7D9C43A0881B /* MLXProvider.swift */; };
		32252E82A4BF6F30F54AA209 /* CompanionSession.swift in Sources */ = {isa = PBXBuildFile; fileRef = 9BB29EBD68AF6187BAEAA0ED /* CompanionSession.swift */; };
		360DFB1DEED27451B27C2EDA /* ScreenCaptureService.swift in Sources */ = {isa = PBXBuildFile; fileRef = 759E974247F7AFF6E72ADA0D /* ScreenCaptureService.swift */; };
		376B54EBD95DE7567A0D6843 /* MockLLMProvider.swift in Sources */ = {isa = PBXBuildFile; fileRef = F36DF62341D41F9A79798044 /* MockLLMProvider.swift */; };
		37CB6B2CD92E13BA2E065A6C /* OllamaVisionClassifier.swift in Sources */ = {isa = PBXBuildFile; fileRef = 26E11D6695FD8564FFEAB2D3 /* OllamaVisionClassifier.swift */; };
		4075F28EF60A028905F26878 /* SmartCategoryMerge.swift in Sources */ = {isa = PBXBuildFile; fileRef = E2BF4A40C3943BFA55AE27D7 /* SmartCategoryMerge.swift */; };
		42B62D7FB66845EBE9DA714B /* InterruptionPolicy.swift in Sources */ = {isa = PBXBuildFile; fileRef = 9286B2D2646EF9083F896A87 /* InterruptionPolicy.swift */; };
		44C1138C19920BAE357DA876 /* GremlinIdleSpriteView.swift in Sources */ = {isa = PBXBuildFile; fileRef = 4002081B0FFB14332762443C /* GremlinIdleSpriteView.swift */; };
		4599DD2D9ECC15DDD5C0BB16 /* TypingDotsView.swift in Sources */ = {isa = PBXBuildFile; fileRef = 401567CBCF520536A765E924 /* TypingDotsView.swift */; };
		4EEDFE96AEC01BDDB1CB9182 /* AppLogger.swift in Sources */ = {isa = PBXBuildFile; fileRef = 2644C4E5619AD2780134182F /* AppLogger.swift */; };
		518AEC6A286DB92FB06038E4 /* ScrollSessionTracker.swift in Sources */ = {isa = PBXBuildFile; fileRef = 22DCE247109C36358DBB0760 /* ScrollSessionTracker.swift */; };
		534C68CE9D924D6384AEC069 /* SmartModeController.swift in Sources */ = {isa = PBXBuildFile; fileRef = A6A6BB7B46EB133CECDEEF4C /* SmartModeController.swift */; };
		5887ACBAB79CFF366541349E /* SettingsStore.swift in Sources */ = {isa = PBXBuildFile; fileRef = B5E0842A39A2576DF9AB08BD /* SettingsStore.swift */; };
		60CBA67B0F739898640E81A2 /* FocusTypes.swift in Sources */ = {isa = PBXBuildFile; fileRef = 5A8941943F58A9BE6C456CA2 /* FocusTypes.swift */; };
		67777B0A348C31822906FCA7 /* TemplatePhraseBank.swift in Sources */ = {isa = PBXBuildFile; fileRef = 0C62449ADE41FC15474E104B /* TemplatePhraseBank.swift */; };
		6A0A2D9CB78898E988E782FD /* FocusClassifier.swift in Sources */ = {isa = PBXBuildFile; fileRef = 2DF522C5E5F9D34378B98083 /* FocusClassifier.swift */; };
		87863A9841AA283D3958631A /* OnboardingView.swift in Sources */ = {isa = PBXBuildFile; fileRef = 72A88B05432F185EDCDD95A2 /* OnboardingView.swift */; };
		87A19CCEDA74A49C86A79A67 /* FocusGremlinApp.swift in Sources */ = {isa = PBXBuildFile; fileRef = 00F66B3EA09A40F12974FF07 /* FocusGremlinApp.swift */; };
		938EDF33C07FE9FFCDB2A4EF /* FocusGremlinTests.swift in Sources */ = {isa = PBXBuildFile; fileRef = EA4384AAF9257CA8ECE1E2A2 /* FocusGremlinTests.swift */; };
		9CDDB66360CB123E6F7293BE /* Assets.xcassets in Resources */ = {isa = PBXBuildFile; fileRef = F86C65E7B49580589DEB9818 /* Assets.xcassets */; };
		A20D8D39ABA7F37236612112 /* MessageSelector.swift in Sources */ = {isa = PBXBuildFile; fileRef = ED3B91CF0737673B66F32633 /* MessageSelector.swift */; };
		A4E7D99CBD56BD29D5D64512 /* WindowContextProvider.swift in Sources */ = {isa = PBXBuildFile; fileRef = AC62078116FD536B6645C7C0 /* WindowContextProvider.swift */; };
		BA5016854CDD32BD104CE66E /* FeatureFlags.swift in Sources */ = {isa = PBXBuildFile; fileRef = 9DDFED1655CFFA87ACB0C240 /* FeatureFlags.swift */; };
		C680B0B95B319501F0BE06A5 /* ScrollWheelMonitor.swift in Sources */ = {isa = PBXBuildFile; fileRef = 6372F069B9959F8B5E69C9C8 /* ScrollWheelMonitor.swift */; };
		C99C98DE32AC63A20BD61825 /* LLMProvider.swift in Sources */ = {isa = PBXBuildFile; fileRef = 02397BEF3E9784FE6C995AFD /* LLMProvider.swift */; };
		CDDFFC054D3BCCBA920A5A46 /* GremlinOrchestrator.swift in Sources */ = {isa = PBXBuildFile; fileRef = 3854F649018FB4932730A208 /* GremlinOrchestrator.swift */; };
		DC53473A608FA4DE9FED2004 /* CompanionBubbleView.swift in Sources */ = {isa = PBXBuildFile; fileRef = 81ED09E94658F3301D3434BE /* CompanionBubbleView.swift */; };
		DFA914077AF31666E6FB0CE8 /* OverlayPanelController.swift in Sources */ = {isa = PBXBuildFile; fileRef = 72E049620BA44901C27E77F5 /* OverlayPanelController.swift */; };
		E27EB2F5905380D4295F2BFD /* RootShellView.swift in Sources */ = {isa = PBXBuildFile; fileRef = BC1E4AD36F892B3BBED922BC /* RootShellView.swift */; };
		E5B0D4B959D9C0BB078D7F6B /* AppSwitchHysteresis.swift in Sources */ = {isa = PBXBuildFile; fileRef = D419CEF536B9D4B718350727 /* AppSwitchHysteresis.swift */; };
		F092F8D0ACCEE5A33FED3B24 /* FocusEngineService.swift in Sources */ = {isa = PBXBuildFile; fileRef = 8649C33730FA9D3BF8BBA7D9 /* FocusEngineService.swift */; };
		F4CC8978B62210A54C032611 /* GremlinPrompts.swift in Sources */ = {isa = PBXBuildFile; fileRef = 9DF73CDD89C4C8C7C5AB4604 /* GremlinPrompts.swift */; };
		FAEB72F401DBA523416AEC49 /* PermissionGate.swift in Sources */ = {isa = PBXBuildFile; fileRef = AB7ACC34A8E54CBC5E817FC0 /* PermissionGate.swift */; };
/* End PBXBuildFile section */

/* Begin PBXContainerItemProxy section */
		3B254B6272B2572C3A3774AA /* PBXContainerItemProxy */ = {
			isa = PBXContainerItemProxy;
			containerPortal = 4D1F6A509CB207177C3C2A5F /* Project object */;
			proxyType = 1;
			remoteGlobalIDString = 6217F81454991F39C5649E09;
			remoteInfo = FocusGremlin;
		};
/* End PBXContainerItemProxy section */

/* Begin PBXFileReference section */
		00F66B3EA09A40F12974FF07 /* FocusGremlinApp.swift */ = {isa = PBXFileReference; lastKnownFileType = sourcecode.swift; path = FocusGremlinApp.swift; sourceTree = "<group>"; };
		02397BEF3E9784FE6C995AFD /* LLMProvider.swift */ = {isa = PBXFileReference; lastKnownFileType = sourcecode.swift; path = LLMProvider.swift; sourceTree = "<group>"; };
		0C62449ADE41FC15474E104B /* TemplatePhraseBank.swift */ = {isa = PBXFileReference; lastKnownFileType = sourcecode.swift; path = TemplatePhraseBank.swift; sourceTree = "<group>"; };
		0EF6A8B80F48322F2EAA0BBA /* LoginItemManager.swift */ = {isa = PBXFileReference; lastKnownFileType = sourcecode.swift; path = LoginItemManager.swift; sourceTree = "<group>"; };
		22A0B26FC7EA98209FD4A824 /* OllamaProvider.swift */ = {isa = PBXFileReference; lastKnownFileType = sourcecode.swift; path = OllamaProvider.swift; sourceTree = "<group>"; };
		22DCE247109C36358DBB0760 /* ScrollSessionTracker.swift */ = {isa = PBXFileReference; lastKnownFileType = sourcecode.swift; path = ScrollSessionTracker.swift; sourceTree = "<group>"; };
		2644C4E5619AD2780134182F /* AppLogger.swift */ = {isa = PBXFileReference; lastKnownFileType = sourcecode.swift; path = AppLogger.swift; sourceTree = "<group>"; };
		26E11D6695FD8564FFEAB2D3 /* OllamaVisionClassifier.swift */ = {isa = PBXFileReference; lastKnownFileType = sourcecode.swift; path = OllamaVisionClassifier.swift; sourceTree = "<group>"; };
		2DF522C5E5F9D34378B98083 /* FocusClassifier.swift */ = {isa = PBXFileReference; lastKnownFileType = sourcecode.swift; path = FocusClassifier.swift; sourceTree = "<group>"; };
		325955074560BE90B2D227E1 /* AppDelegate.swift */ = {isa = PBXFileReference; lastKnownFileType = sourcecode.swift; path = AppDelegate.swift; sourceTree = "<group>"; };
		3854F649018FB4932730A208 /* GremlinOrchestrator.swift */ = {isa = PBXFileReference; lastKnownFileType = sourcecode.swift; path = GremlinOrchestrator.swift; sourceTree = "<group>"; };
		3D0CEFD7B5FE71A241B49D60 /* RecentMessageMemory.swift */ = {isa = PBXFileReference; lastKnownFileType = sourcecode.swift; path = RecentMessageMemory.swift; sourceTree = "<group>"; };
		4002081B0FFB14332762443C /* GremlinIdleSpriteView.swift */ = {isa = PBXFileReference; lastKnownFileType = sourcecode.swift; path = GremlinIdleSpriteView.swift; sourceTree = "<group>"; };
		401567CBCF520536A765E924 /* TypingDotsView.swift */ = {isa = PBXFileReference; lastKnownFileType = sourcecode.swift; path = TypingDotsView.swift; sourceTree = "<group>"; };
		4A955B13B21F845B9E548EF7 /* SettingsRootView.swift */ = {isa = PBXFileReference; lastKnownFileType = sourcecode.swift; path = SettingsRootView.swift; sourceTree = "<group>"; };
		5A8941943F58A9BE6C456CA2 /* FocusTypes.swift */ = {isa = PBXFileReference; lastKnownFileType = sourcecode.swift; path = FocusTypes.swift; sourceTree = "<group>"; };
		6372F069B9959F8B5E69C9C8 /* ScrollWheelMonitor.swift */ = {isa = PBXFileReference; lastKnownFileType = sourcecode.swift; path = ScrollWheelMonitor.swift; sourceTree = "<group>"; };
		72A88B05432F185EDCDD95A2 /* OnboardingView.swift */ = {isa = PBXFileReference; lastKnownFileType = sourcecode.swift; path = OnboardingView.swift; sourceTree = "<group>"; };
		72E049620BA44901C27E77F5 /* OverlayPanelController.swift */ = {isa = PBXFileReference; lastKnownFileType = sourcecode.swift; path = OverlayPanelController.swift; sourceTree = "<group>"; };
		759E974247F7AFF6E72ADA0D /* ScreenCaptureService.swift */ = {isa = PBXFileReference; lastKnownFileType = sourcecode.swift; path = ScreenCaptureService.swift; sourceTree = "<group>"; };
		81ED09E94658F3301D3434BE /* CompanionBubbleView.swift */ = {isa = PBXFileReference; lastKnownFileType = sourcecode.swift; path = CompanionBubbleView.swift; sourceTree = "<group>"; };
		8649C33730FA9D3BF8BBA7D9 /* FocusEngineService.swift */ = {isa = PBXFileReference; lastKnownFileType = sourcecode.swift; path = FocusEngineService.swift; sourceTree = "<group>"; };
		866A36932D1955A4A07395F3 /* FocusGremlin.app */ = {isa = PBXFileReference; explicitFileType = wrapper.application; includeInIndex = 0; path = FocusGremlin.app; sourceTree = BUILT_PRODUCTS_DIR; };
		9286B2D2646EF9083F896A87 /* InterruptionPolicy.swift */ = {isa = PBXFileReference; lastKnownFileType = sourcecode.swift; path = InterruptionPolicy.swift; sourceTree = "<group>"; };
		9BB29EBD68AF6187BAEAA0ED /* CompanionSession.swift */ = {isa = PBXFileReference; lastKnownFileType = sourcecode.swift; path = CompanionSession.swift; sourceTree = "<group>"; };
		9DDFED1655CFFA87ACB0C240 /* FeatureFlags.swift */ = {isa = PBXFileReference; lastKnownFileType = sourcecode.swift; path = FeatureFlags.swift; sourceTree = "<group>"; };
		9DF73CDD89C4C8C7C5AB4604 /* GremlinPrompts.swift */ = {isa = PBXFileReference; lastKnownFileType = sourcecode.swift; path = GremlinPrompts.swift; sourceTree = "<group>"; };
		A6A6BB7B46EB133CECDEEF4C /* SmartModeController.swift */ = {isa = PBXFileReference; lastKnownFileType = sourcecode.swift; path = SmartModeController.swift; sourceTree = "<group>"; };
		AB7ACC34A8E54CBC5E817FC0 /* PermissionGate.swift */ = {isa = PBXFileReference; lastKnownFileType = sourcecode.swift; path = PermissionGate.swift; sourceTree = "<group>"; };
		AC62078116FD536B6645C7C0 /* WindowContextProvider.swift */ = {isa = PBXFileReference; lastKnownFileType = sourcecode.swift; path = WindowContextProvider.swift; sourceTree = "<group>"; };
		B5E0842A39A2576DF9AB08BD /* SettingsStore.swift */ = {isa = PBXFileReference; lastKnownFileType = sourcecode.swift; path = SettingsStore.swift; sourceTree = "<group>"; };
		BA1D909D7B7353C829693857 /* Info.plist */ = {isa = PBXFileReference; lastKnownFileType = text.plist; path = Info.plist; sourceTree = "<group>"; };
		BC1E4AD36F892B3BBED922BC /* RootShellView.swift */ = {isa = PBXFileReference; lastKnownFileType = sourcecode.swift; path = RootShellView.swift; sourceTree = "<group>"; };
		D419CEF536B9D4B718350727 /* AppSwitchHysteresis.swift */ = {isa = PBXFileReference; lastKnownFileType = sourcecode.swift; path = AppSwitchHysteresis.swift; sourceTree = "<group>"; };
		D6D6CCB947549E1CB892B852 /* CompanionViewModel.swift */ = {isa = PBXFileReference; lastKnownFileType = sourcecode.swift; path = CompanionViewModel.swift; sourceTree = "<group>"; };
		DD2190B8ECFA7D9C43A0881B /* MLXProvider.swift */ = {isa = PBXFileReference; lastKnownFileType = sourcecode.swift; path = MLXProvider.swift; sourceTree = "<group>"; };
		E2BF4A40C3943BFA55AE27D7 /* SmartCategoryMerge.swift */ = {isa = PBXFileReference; lastKnownFileType = sourcecode.swift; path = SmartCategoryMerge.swift; sourceTree = "<group>"; };
		EA4384AAF9257CA8ECE1E2A2 /* FocusGremlinTests.swift */ = {isa = PBXFileReference; lastKnownFileType = sourcecode.swift; path = FocusGremlinTests.swift; sourceTree = "<group>"; };
		ED3B91CF0737673B66F32633 /* MessageSelector.swift */ = {isa = PBXFileReference; lastKnownFileType = sourcecode.swift; path = MessageSelector.swift; sourceTree = "<group>"; };
		F36DF62341D41F9A79798044 /* MockLLMProvider.swift */ = {isa = PBXFileReference; lastKnownFileType = sourcecode.swift; path = MockLLMProvider.swift; sourceTree = "<group>"; };
		F7EA05D19743CCE560579033 /* FocusGremlinTests.xctest */ = {isa = PBXFileReference; explicitFileType = wrapper.cfbundle; includeInIndex = 0; path = FocusGremlinTests.xctest; sourceTree = BUILT_PRODUCTS_DIR; };
		F84D4378CF49F97C53A6ED98 /* FocusGremlin.entitlements */ = {isa = PBXFileReference; lastKnownFileType = text.plist.entitlements; path = FocusGremlin.entitlements; sourceTree = "<group>"; };
		F86C65E7B49580589DEB9818 /* Assets.xcassets */ = {isa = PBXFileReference; lastKnownFileType = folder.assetcatalog; path = Assets.xcassets; sourceTree = "<group>"; };
/* End PBXFileReference section */

/* Begin PBXGroup section */
		17A764EE6ECC2AFEA2403247 /* Products */ = {
			isa = PBXGroup;
			children = (
				866A36932D1955A4A07395F3 /* FocusGremlin.app */,
				F7EA05D19743CCE560579033 /* FocusGremlinTests.xctest */,
			);
			name = Products;
			sourceTree = "<group>";
		};
		2060989D2AF7EDF70112D301 = {
			isa = PBXGroup;
			children = (
				8EDBC604189D49DE1EA9239B /* FocusGremlin */,
				280E9FF8604B4228F63C4CD1 /* FocusGremlinTests */,
				17A764EE6ECC2AFEA2403247 /* Products */,
			);
			sourceTree = "<group>";
		};
		227811D53A7B730983AB9C28 /* Onboarding */ = {
			isa = PBXGroup;
			children = (
				72A88B05432F185EDCDD95A2 /* OnboardingView.swift */,
			);
			path = Onboarding;
			sourceTree = "<group>";
		};
		280E9FF8604B4228F63C4CD1 /* FocusGremlinTests */ = {
			isa = PBXGroup;
			children = (
				EA4384AAF9257CA8ECE1E2A2 /* FocusGremlinTests.swift */,
			);
			path = FocusGremlinTests;
			sourceTree = "<group>";
		};
		2D32E3426AB376EB7C2EA8DA /* SmartMode */ = {
			isa = PBXGroup;
			children = (
				26E11D6695FD8564FFEAB2D3 /* OllamaVisionClassifier.swift */,
				759E974247F7AFF6E72ADA0D /* ScreenCaptureService.swift */,
				E2BF4A40C3943BFA55AE27D7 /* SmartCategoryMerge.swift */,
				A6A6BB7B46EB133CECDEEF4C /* SmartModeController.swift */,
			);
			path = SmartMode;
			sourceTree = "<group>";
		};
		41D49FDAE46621CAC245EE93 /* Overlay */ = {
			isa = PBXGroup;
			children = (
				D6D6CCB947549E1CB892B852 /* CompanionViewModel.swift */,
				72E049620BA44901C27E77F5 /* OverlayPanelController.swift */,
			);
			path = Overlay;
			sourceTree = "<group>";
		};
		4DC89045E77D1C076FD224E2 /* Permissions */ = {
			isa = PBXGroup;
			children = (
				AB7ACC34A8E54CBC5E817FC0 /* PermissionGate.swift */,
			);
			path = Permissions;
			sourceTree = "<group>";
		};
		7EBB1FB56B8855032B7F06CB /* Utilities */ = {
			isa = PBXGroup;
			children = (
				2644C4E5619AD2780134182F /* AppLogger.swift */,
				9DDFED1655CFFA87ACB0C240 /* FeatureFlags.swift */,
				0EF6A8B80F48322F2EAA0BBA /* LoginItemManager.swift */,
			);
			path = Utilities;
			sourceTree = "<group>";
		};
		8EDBC604189D49DE1EA9239B /* FocusGremlin */ = {
			isa = PBXGroup;
			children = (
				F86C65E7B49580589DEB9818 /* Assets.xcassets */,
				F84D4378CF49F97C53A6ED98 /* FocusGremlin.entitlements */,
				BA1D909D7B7353C829693857 /* Info.plist */,
				D59BC4CFA64B3FA495838263 /* App */,
				9A914C04CED7643B4CC48C0E /* Character */,
				DF08BD85F1BFA3329DA15239 /* FocusEngine */,
				91F896C2E1F1BFB8DD195D18 /* LLM */,
				227811D53A7B730983AB9C28 /* Onboarding */,
				41D49FDAE46621CAC245EE93 /* Overlay */,
				4DC89045E77D1C076FD224E2 /* Permissions */,
				BAFBFE0550EDC6BEF83F2C92 /* Persistence */,
				C57E849044BBCC0B146391AD /* Settings */,
				2D32E3426AB376EB7C2EA8DA /* SmartMode */,
				F2D929E5695BDA601E7616D5 /* UI */,
				7EBB1FB56B8855032B7F06CB /* Utilities */,
			);
			path = FocusGremlin;
			sourceTree = "<group>";
		};
		91F896C2E1F1BFB8DD195D18 /* LLM */ = {
			isa = PBXGroup;
			children = (
				3854F649018FB4932730A208 /* GremlinOrchestrator.swift */,
				9DF73CDD89C4C8C7C5AB4604 /* GremlinPrompts.swift */,
				02397BEF3E9784FE6C995AFD /* LLMProvider.swift */,
				DD2190B8ECFA7D9C43A0881B /* MLXProvider.swift */,
				F36DF62341D41F9A79798044 /* MockLLMProvider.swift */,
				22A0B26FC7EA98209FD4A824 /* OllamaProvider.swift */,
			);
			path = LLM;
			sourceTree = "<group>";
		};
		9A914C04CED7643B4CC48C0E /* Character */ = {
			isa = PBXGroup;
			children = (
				ED3B91CF0737673B66F32633 /* MessageSelector.swift */,
				3D0CEFD7B5FE71A241B49D60 /* RecentMessageMemory.swift */,
				0C62449ADE41FC15474E104B /* TemplatePhraseBank.swift */,
			);
			path = Character;
			sourceTree = "<group>";
		};
		BAFBFE0550EDC6BEF83F2C92 /* Persistence */ = {
			isa = PBXGroup;
			children = (
				B5E0842A39A2576DF9AB08BD /* SettingsStore.swift */,
			);
			path = Persistence;
			sourceTree = "<group>";
		};
		C57E849044BBCC0B146391AD /* Settings */ = {
			isa = PBXGroup;
			children = (
				4A955B13B21F845B9E548EF7 /* SettingsRootView.swift */,
			);
			path = Settings;
			sourceTree = "<group>";
		};
		D59BC4CFA64B3FA495838263 /* App */ = {
			isa = PBXGroup;
			children = (
				325955074560BE90B2D227E1 /* AppDelegate.swift */,
				9BB29EBD68AF6187BAEAA0ED /* CompanionSession.swift */,
				00F66B3EA09A40F12974FF07 /* FocusGremlinApp.swift */,
				BC1E4AD36F892B3BBED922BC /* RootShellView.swift */,
			);
			path = App;
			sourceTree = "<group>";
		};
		DF08BD85F1BFA3329DA15239 /* FocusEngine */ = {
			isa = PBXGroup;
			children = (
				D419CEF536B9D4B718350727 /* AppSwitchHysteresis.swift */,
				2DF522C5E5F9D34378B98083 /* FocusClassifier.swift */,
				8649C33730FA9D3BF8BBA7D9 /* FocusEngineService.swift */,
				5A8941943F58A9BE6C456CA2 /* FocusTypes.swift */,
				9286B2D2646EF9083F896A87 /* InterruptionPolicy.swift */,
				22DCE247109C36358DBB0760 /* ScrollSessionTracker.swift */,
				6372F069B9959F8B5E69C9C8 /* ScrollWheelMonitor.swift */,
				AC62078116FD536B6645C7C0 /* WindowContextProvider.swift */,
			);
			path = FocusEngine;
			sourceTree = "<group>";
		};
		F2D929E5695BDA601E7616D5 /* UI */ = {
			isa = PBXGroup;
			children = (
				81ED09E94658F3301D3434BE /* CompanionBubbleView.swift */,
				4002081B0FFB14332762443C /* GremlinIdleSpriteView.swift */,
				401567CBCF520536A765E924 /* TypingDotsView.swift */,
			);
			path = UI;
			sourceTree = "<group>";
		};
/* End PBXGroup section */

/* Begin PBXNativeTarget section */
		6217F81454991F39C5649E09 /* FocusGremlin */ = {
			isa = PBXNativeTarget;
			buildConfigurationList = 3736FDCF458E699215F5DB08 /* Build configuration list for PBXNativeTarget "FocusGremlin" */;
			buildPhases = (
				252D359C8A699A8D8A0BE9AF /* Sources */,
				8E8CBE252512FE0D74E8760E /* Resources */,
			);
			buildRules = (
			);
			dependencies = (
			);
			name = FocusGremlin;
			packageProductDependencies = (
			);
			productName = FocusGremlin;
			productReference = 866A36932D1955A4A07395F3 /* FocusGremlin.app */;
			productType = "com.apple.product-type.application";
		};
		9727F8DC980E047AB802CFAE /* FocusGremlinTests */ = {
			isa = PBXNativeTarget;
			buildConfigurationList = 95507519DF3B464F010E848C /* Build configuration list for PBXNativeTarget "FocusGremlinTests" */;
			buildPhases = (
				9D34C22CBC0327FA952B7C2A /* Sources */,
			);
			buildRules = (
			);
			dependencies = (
				F3E25F536E47519ED145760C /* PBXTargetDependency */,
			);
			name = FocusGremlinTests;
			packageProductDependencies = (
			);
			productName = FocusGremlinTests;
			productReference = F7EA05D19743CCE560579033 /* FocusGremlinTests.xctest */;
			productType = "com.apple.product-type.bundle.unit-test";
		};
/* End PBXNativeTarget section */

/* Begin PBXProject section */
		4D1F6A509CB207177C3C2A5F /* Project object */ = {
			isa = PBXProject;
			attributes = {
				BuildIndependentTargetsInParallel = YES;
				LastUpgradeCheck = 1430;
				TargetAttributes = {
					6217F81454991F39C5649E09 = {
						DevelopmentTeam = "";
						ProvisioningStyle = Automatic;
					};
					9727F8DC980E047AB802CFAE = {
						DevelopmentTeam = "";
						ProvisioningStyle = Automatic;
					};
				};
			};
			buildConfigurationList = B575D464E8B97ECE1594515B /* Build configuration list for PBXProject "FocusGremlin" */;
			developmentRegion = en;
			hasScannedForEncodings = 0;
			knownRegions = (
				Base,
				en,
			);
			mainGroup = 2060989D2AF7EDF70112D301;
			minimizedProjectReferenceProxies = 1;
			preferredProjectObjectVersion = 77;
			productRefGroup = 17A764EE6ECC2AFEA2403247 /* Products */;
			projectDirPath = "";
			projectRoot = "";
			targets = (
				6217F81454991F39C5649E09 /* FocusGremlin */,
				9727F8DC980E047AB802CFAE /* FocusGremlinTests */,
			);
		};
/* End PBXProject section */

/* Begin PBXResourcesBuildPhase section */
		8E8CBE252512FE0D74E8760E /* Resources */ = {
			isa = PBXResourcesBuildPhase;
			buildActionMask = 2147483647;
			files = (
				9CDDB66360CB123E6F7293BE /* Assets.xcassets in Resources */,
			);
			runOnlyForDeploymentPostprocessing = 0;
		};
/* End PBXResourcesBuildPhase section */

/* Begin PBXSourcesBuildPhase section */
		252D359C8A699A8D8A0BE9AF /* Sources */ = {
			isa = PBXSourcesBuildPhase;
			buildActionMask = 2147483647;
			files = (
				20AA3A1F8FF66D2B35C3DAA2 /* AppDelegate.swift in Sources */,
				4EEDFE96AEC01BDDB1CB9182 /* AppLogger.swift in Sources */,
				E5B0D4B959D9C0BB078D7F6B /* AppSwitchHysteresis.swift in Sources */,
				DC53473A608FA4DE9FED2004 /* CompanionBubbleView.swift in Sources */,
				32252E82A4BF6F30F54AA209 /* CompanionSession.swift in Sources */,
				018FB01EB02193AEABA07E2E /* CompanionViewModel.swift in Sources */,
				BA5016854CDD32BD104CE66E /* FeatureFlags.swift in Sources */,
				6A0A2D9CB78898E988E782FD /* FocusClassifier.swift in Sources */,
				F092F8D0ACCEE5A33FED3B24 /* FocusEngineService.swift in Sources */,
				87A19CCEDA74A49C86A79A67 /* FocusGremlinApp.swift in Sources */,
				60CBA67B0F739898640E81A2 /* FocusTypes.swift in Sources */,
				44C1138C19920BAE357DA876 /* GremlinIdleSpriteView.swift in Sources */,
				CDDFFC054D3BCCBA920A5A46 /* GremlinOrchestrator.swift in Sources */,
				F4CC8978B62210A54C032611 /* GremlinPrompts.swift in Sources */,
				42B62D7FB66845EBE9DA714B /* InterruptionPolicy.swift in Sources */,
				C99C98DE32AC63A20BD61825 /* LLMProvider.swift in Sources */,
				1F055638C8A36E2E5AF76D0F /* LoginItemManager.swift in Sources */,
				23A0C012F1E95780129FABEF /* MLXProvider.swift in Sources */,
				A20D8D39ABA7F37236612112 /* MessageSelector.swift in Sources */,
				376B54EBD95DE7567A0D6843 /* MockLLMProvider.swift in Sources */,
				0176605673F0EC5B3435FC0C /* OllamaProvider.swift in Sources */,
				37CB6B2CD92E13BA2E065A6C /* OllamaVisionClassifier.swift in Sources */,
				87863A9841AA283D3958631A /* OnboardingView.swift in Sources */,
				DFA914077AF31666E6FB0CE8 /* OverlayPanelController.swift in Sources */,
				FAEB72F401DBA523416AEC49 /* PermissionGate.swift in Sources */,
				1B54D34E1E020C69E54BB19A /* RecentMessageMemory.swift in Sources */,
				E27EB2F5905380D4295F2BFD /* RootShellView.swift in Sources */,
				360DFB1DEED27451B27C2EDA /* ScreenCaptureService.swift in Sources */,
				518AEC6A286DB92FB06038E4 /* ScrollSessionTracker.swift in Sources */,
				C680B0B95B319501F0BE06A5 /* ScrollWheelMonitor.swift in Sources */,
				0B0FC3FF3E611E3B482A6DB0 /* SettingsRootView.swift in Sources */,
				5887ACBAB79CFF366541349E /* SettingsStore.swift in Sources */,
				4075F28EF60A028905F26878 /* SmartCategoryMerge.swift in Sources */,
				534C68CE9D924D6384AEC069 /* SmartModeController.swift in Sources */,
				67777B0A348C31822906FCA7 /* TemplatePhraseBank.swift in Sources */,
				4599DD2D9ECC15DDD5C0BB16 /* TypingDotsView.swift in Sources */,
				A4E7D99CBD56BD29D5D64512 /* WindowContextProvider.swift in Sources */,
			);
			runOnlyForDeploymentPostprocessing = 0;
		};
		9D34C22CBC0327FA952B7C2A /* Sources */ = {
			isa = PBXSourcesBuildPhase;
			buildActionMask = 2147483647;
			files = (
				938EDF33C07FE9FFCDB2A4EF /* FocusGremlinTests.swift in Sources */,
			);
			runOnlyForDeploymentPostprocessing = 0;
		};
/* End PBXSourcesBuildPhase section */

/* Begin PBXTargetDependency section */
		F3E25F536E47519ED145760C /* PBXTargetDependency */ = {
			isa = PBXTargetDependency;
			target = 6217F81454991F39C5649E09 /* FocusGremlin */;
			targetProxy = 3B254B6272B2572C3A3774AA /* PBXContainerItemProxy */;
		};
/* End PBXTargetDependency section */

/* Begin XCBuildConfiguration section */
		336A73E59ABB277B6B9F17EA /* Release */ = {
			isa = XCBuildConfiguration;
			buildSettings = {
				ASSETCATALOG_COMPILER_APPICON_NAME = AppIcon;
				CODE_SIGN_ENTITLEMENTS = FocusGremlin/FocusGremlin.entitlements;
				COMBINE_HIDPI_IMAGES = YES;
				ENABLE_TESTABILITY = YES;
				GENERATE_INFOPLIST_FILE = NO;
				INFOPLIST_FILE = FocusGremlin/Info.plist;
				INFOPLIST_KEY_CFBundleDisplayName = "Focus Gremlin";
				INFOPLIST_KEY_LSApplicationCategoryType = "public.app-category.productivity";
				LD_RUNPATH_SEARCH_PATHS = "$(inherited) @executable_path/../Frameworks";
				PRODUCT_BUNDLE_IDENTIFIER = com.focusgremlin.app;
				SDKROOT = macosx;
				SWIFT_EMIT_LOC_STRINGS = YES;
			};
			name = Release;
		};
		65BB8ADB6CBD83F0AF48C295 /* Debug */ = {
			isa = XCBuildConfiguration;
			buildSettings = {
				ALWAYS_SEARCH_USER_PATHS = NO;
				CLANG_ANALYZER_NONNULL = YES;
				CLANG_ANALYZER_NUMBER_OBJECT_CONVERSION = YES_AGGRESSIVE;
				CLANG_CXX_LANGUAGE_STANDARD = "gnu++14";
				CLANG_CXX_LIBRARY = "libc++";
				CLANG_ENABLE_MODULES = YES;
				CLANG_ENABLE_OBJC_ARC = YES;
				CLANG_ENABLE_OBJC_WEAK = YES;
				CLANG_WARN_BLOCK_CAPTURE_AUTORELEASING = YES;
				CLANG_WARN_BOOL_CONVERSION = YES;
				CLANG_WARN_COMMA = YES;
				CLANG_WARN_CONSTANT_CONVERSION = YES;
				CLANG_WARN_DEPRECATED_OBJC_IMPLEMENTATIONS = YES;
				CLANG_WARN_DIRECT_OBJC_ISA_USAGE = YES_ERROR;
				CLANG_WARN_DOCUMENTATION_COMMENTS = YES;
				CLANG_WARN_EMPTY_BODY = YES;
				CLANG_WARN_ENUM_CONVERSION = YES;
				CLANG_WARN_INFINITE_RECURSION = YES;
				CLANG_WARN_INT_CONVERSION = YES;
				CLANG_WARN_NON_LITERAL_NULL_CONVERSION = YES;
				CLANG_WARN_OBJC_IMPLICIT_RETAIN_SELF = YES;
				CLANG_WARN_OBJC_LITERAL_CONVERSION = YES;
				CLANG_WARN_OBJC_ROOT_CLASS = YES_ERROR;
				CLANG_WARN_QUOTED_INCLUDE_IN_FRAMEWORK_HEADER = YES;
				CLANG_WARN_RANGE_LOOP_ANALYSIS = YES;
				CLANG_WARN_STRICT_PROTOTYPES = YES;
				CLANG_WARN_SUSPICIOUS_MOVE = YES;
				CLANG_WARN_UNGUARDED_AVAILABILITY = YES_AGGRESSIVE;
				CLANG_WARN_UNREACHABLE_CODE = YES;
				CLANG_WARN__DUPLICATE_METHOD_MATCH = YES;
				CODE_SIGN_STYLE = Automatic;
				COPY_PHASE_STRIP = NO;
				CURRENT_PROJECT_VERSION = 1;
				DEBUG_INFORMATION_FORMAT = dwarf;
				DEVELOPMENT_TEAM = "";
				ENABLE_HARDENED_RUNTIME = YES;
				ENABLE_STRICT_OBJC_MSGSEND = YES;
				ENABLE_TESTABILITY = YES;
				GCC_C_LANGUAGE_STANDARD = gnu11;
				GCC_DYNAMIC_NO_PIC = NO;
				GCC_NO_COMMON_BLOCKS = YES;
				GCC_OPTIMIZATION_LEVEL = 0;
				GCC_PREPROCESSOR_DEFINITIONS = (
					"$(inherited)",
					"DEBUG=1",
				);
				GCC_WARN_64_TO_32_BIT_CONVERSION = YES;
				GCC_WARN_ABOUT_RETURN_TYPE = YES_ERROR;
				GCC_WARN_UNDECLARED_SELECTOR = YES;
				GCC_WARN_UNINITIALIZED_AUTOS = YES_AGGRESSIVE;
				GCC_WARN_UNUSED_FUNCTION = YES;
				GCC_WARN_UNUSED_VARIABLE = YES;
				MACOSX_DEPLOYMENT_TARGET = 14.0;
				MARKETING_VERSION = 1.0;
				MTL_ENABLE_DEBUG_INFO = INCLUDE_SOURCE;
				MTL_FAST_MATH = YES;
				ONLY_ACTIVE_ARCH = YES;
				PRODUCT_NAME = "$(TARGET_NAME)";
				SDKROOT = macosx;
				SWIFT_ACTIVE_COMPILATION_CONDITIONS = DEBUG;
				SWIFT_OPTIMIZATION_LEVEL = "-Onone";
				SWIFT_VERSION = 5.0;
			};
			name = Debug;
		};
		65CFD82B1213AC3C58789B67 /* Release */ = {
			isa = XCBuildConfiguration;
			buildSettings = {
				BUNDLE_LOADER = "$(TEST_HOST)";
				COMBINE_HIDPI_IMAGES = YES;
				GENERATE_INFOPLIST_FILE = YES;
				LD_RUNPATH_SEARCH_PATHS = (
					"$(inherited)",
					"@executable_path/../Frameworks",
					"@loader_path/../Frameworks",
				);
				PRODUCT_BUNDLE_IDENTIFIER = com.focusgremlin.tests;
				SDKROOT = macosx;
				SWIFT_EMIT_LOC_STRINGS = NO;
				TEST_HOST = "$(BUILT_PRODUCTS_DIR)/FocusGremlin.app/Contents/MacOS/FocusGremlin";
			};
			name = Release;
		};
		732443BF11B59E7F41EA3B44 /* Release */ = {
			isa = XCBuildConfiguration;
			buildSettings = {
				ALWAYS_SEARCH_USER_PATHS = NO;
				CLANG_ANALYZER_NONNULL = YES;
				CLANG_ANALYZER_NUMBER_OBJECT_CONVERSION = YES_AGGRESSIVE;
				CLANG_CXX_LANGUAGE_STANDARD = "gnu++14";
				CLANG_CXX_LIBRARY = "libc++";
				CLANG_ENABLE_MODULES = YES;
				CLANG_ENABLE_OBJC_ARC = YES;
				CLANG_ENABLE_OBJC_WEAK = YES;
				CLANG_WARN_BLOCK_CAPTURE_AUTORELEASING = YES;
				CLANG_WARN_BOOL_CONVERSION = YES;
				CLANG_WARN_COMMA = YES;
				CLANG_WARN_CONSTANT_CONVERSION = YES;
				CLANG_WARN_DEPRECATED_OBJC_IMPLEMENTATIONS = YES;
				CLANG_WARN_DIRECT_OBJC_ISA_USAGE = YES_ERROR;
				CLANG_WARN_DOCUMENTATION_COMMENTS = YES;
				CLANG_WARN_EMPTY_BODY = YES;
				CLANG_WARN_ENUM_CONVERSION = YES;
				CLANG_WARN_INFINITE_RECURSION = YES;
				CLANG_WARN_INT_CONVERSION = YES;
				CLANG_WARN_NON_LITERAL_NULL_CONVERSION = YES;
				CLANG_WARN_OBJC_IMPLICIT_RETAIN_SELF = YES;
				CLANG_WARN_OBJC_LITERAL_CONVERSION = YES;
				CLANG_WARN_OBJC_ROOT_CLASS = YES_ERROR;
				CLANG_WARN_QUOTED_INCLUDE_IN_FRAMEWORK_HEADER = YES;
				CLANG_WARN_RANGE_LOOP_ANALYSIS = YES;
				CLANG_WARN_STRICT_PROTOTYPES = YES;
				CLANG_WARN_SUSPICIOUS_MOVE = YES;
				CLANG_WARN_UNGUARDED_AVAILABILITY = YES_AGGRESSIVE;
				CLANG_WARN_UNREACHABLE_CODE = YES;
				CLANG_WARN__DUPLICATE_METHOD_MATCH = YES;
				CODE_SIGN_STYLE = Automatic;
				COPY_PHASE_STRIP = NO;
				CURRENT_PROJECT_VERSION = 1;
				DEBUG_INFORMATION_FORMAT = "dwarf-with-dsym";
				DEVELOPMENT_TEAM = "";
				ENABLE_HARDENED_RUNTIME = YES;
				ENABLE_NS_ASSERTIONS = NO;
				ENABLE_STRICT_OBJC_MSGSEND = YES;
				GCC_C_LANGUAGE_STANDARD = gnu11;
				GCC_NO_COMMON_BLOCKS = YES;
				GCC_WARN_64_TO_32_BIT_CONVERSION = YES;
				GCC_WARN_ABOUT_RETURN_TYPE = YES_ERROR;
				GCC_WARN_UNDECLARED_SELECTOR = YES;
				GCC_WARN_UNINITIALIZED_AUTOS = YES_AGGRESSIVE;
				GCC_WARN_UNUSED_FUNCTION = YES;
				GCC_WARN_UNUSED_VARIABLE = YES;
				MACOSX_DEPLOYMENT_TARGET = 14.0;
				MARKETING_VERSION = 1.0;
				MTL_ENABLE_DEBUG_INFO = NO;
				MTL_FAST_MATH = YES;
				PRODUCT_NAME = "$(TARGET_NAME)";
				SDKROOT = macosx;
				SWIFT_COMPILATION_MODE = wholemodule;
				SWIFT_OPTIMIZATION_LEVEL = "-O";
				SWIFT_VERSION = 5.0;
			};
			name = Release;
		};
		9FA76F5DFA6D5AD193CCF438 /* Debug */ = {
			isa = XCBuildConfiguration;
			buildSettings = {
				BUNDLE_LOADER = "$(TEST_HOST)";
				COMBINE_HIDPI_IMAGES = YES;
				GENERATE_INFOPLIST_FILE = YES;
				LD_RUNPATH_SEARCH_PATHS = (
					"$(inherited)",
					"@executable_path/../Frameworks",
					"@loader_path/../Frameworks",
				);
				PRODUCT_BUNDLE_IDENTIFIER = com.focusgremlin.tests;
				SDKROOT = macosx;
				SWIFT_EMIT_LOC_STRINGS = NO;
				TEST_HOST = "$(BUILT_PRODUCTS_DIR)/FocusGremlin.app/Contents/MacOS/FocusGremlin";
			};
			name = Debug;
		};
		F31FC56689B5B1136BD9B5CF /* Debug */ = {
			isa = XCBuildConfiguration;
			buildSettings = {
				ASSETCATALOG_COMPILER_APPICON_NAME = AppIcon;
				CODE_SIGN_ENTITLEMENTS = FocusGremlin/FocusGremlin.entitlements;
				COMBINE_HIDPI_IMAGES = YES;
				ENABLE_TESTABILITY = YES;
				GENERATE_INFOPLIST_FILE = NO;
				INFOPLIST_FILE = FocusGremlin/Info.plist;
				INFOPLIST_KEY_CFBundleDisplayName = "Focus Gremlin";
				INFOPLIST_KEY_LSApplicationCategoryType = "public.app-category.productivity";
				LD_RUNPATH_SEARCH_PATHS = "$(inherited) @executable_path/../Frameworks";
				PRODUCT_BUNDLE_IDENTIFIER = com.focusgremlin.app;
				SDKROOT = macosx;
				SWIFT_EMIT_LOC_STRINGS = YES;
			};
			name = Debug;
		};
/* End XCBuildConfiguration section */

/* Begin XCConfigurationList section */
		3736FDCF458E699215F5DB08 /* Build configuration list for PBXNativeTarget "FocusGremlin" */ = {
			isa = XCConfigurationList;
			buildConfigurations = (
				F31FC56689B5B1136BD9B5CF /* Debug */,
				336A73E59ABB277B6B9F17EA /* Release */,
			);
			defaultConfigurationIsVisible = 0;
			defaultConfigurationName = Debug;
		};
		95507519DF3B464F010E848C /* Build configuration list for PBXNativeTarget "FocusGremlinTests" */ = {
			isa = XCConfigurationList;
			buildConfigurations = (
				9FA76F5DFA6D5AD193CCF438 /* Debug */,
				65CFD82B1213AC3C58789B67 /* Release */,
			);
			defaultConfigurationIsVisible = 0;
			defaultConfigurationName = Debug;
		};
		B575D464E8B97ECE1594515B /* Build configuration list for PBXProject "FocusGremlin" */ = {
			isa = XCConfigurationList;
			buildConfigurations = (
				65BB8ADB6CBD83F0AF48C295 /* Debug */,
				732443BF11B59E7F41EA3B44 /* Release */,
			);
			defaultConfigurationIsVisible = 0;
			defaultConfigurationName = Debug;
		};
/* End XCConfigurationList section */
	};
	rootObject = 4D1F6A509CB207177C3C2A5F /* Project object */;
}
