// !$*UTF8*$!
{
	archiveVersion = 1;
	classes = {};
	objectVersion = 56;
	objects = {

/* Begin PBXBuildFile section */
		BDDFB6C4B9A34AE482943A56 /* FocusGremlinApp.swift in Sources */ = {isa = PBXBuildFile; fileRef = 37E09F89D59F4F44A0B45CD1 /* FocusGremlinApp.swift */; };
		38D3A75EC16C4EAF8BE3C098 /* AppDelegate.swift in Sources */ = {isa = PBXBuildFile; fileRef = 094B75E0A2F14208B6496F84 /* AppDelegate.swift */; };
		2B661C9FDA9D4884969A4DB0 /* CompanionSession.swift in Sources */ = {isa = PBXBuildFile; fileRef = C4BDF42DDD6141B282F521AB /* CompanionSession.swift */; };
		195B24C2C1924759A14F5CB1 /* RootShellView.swift in Sources */ = {isa = PBXBuildFile; fileRef = C8F8513631204852B76E1F28 /* RootShellView.swift */; };
		8DDFE9B576574796B7D76AAB /* OverlayPanelController.swift in Sources */ = {isa = PBXBuildFile; fileRef = FFAEE8D92A464D81A1619695 /* OverlayPanelController.swift */; };
		069B0D7885F4480685E1DE66 /* CompanionViewModel.swift in Sources */ = {isa = PBXBuildFile; fileRef = 56BC4FEA465146949D204583 /* CompanionViewModel.swift */; };
		429BA78F267947339FEE4AD7 /* CompanionBubbleView.swift in Sources */ = {isa = PBXBuildFile; fileRef = 0D155C55F28148FF9E0A4609 /* CompanionBubbleView.swift */; };
		BC5E86583AAD486CA0839FC2 /* TypingDotsView.swift in Sources */ = {isa = PBXBuildFile; fileRef = D92C729FD2DC4E5FB0DA06A9 /* TypingDotsView.swift */; };
		6A82CA30A9334B708D0C08A7 /* FocusTypes.swift in Sources */ = {isa = PBXBuildFile; fileRef = D26A48B6EE0348EEB3A59B1E /* FocusTypes.swift */; };
		0CE0A139F10E44E594F9E6F0 /* FocusClassifier.swift in Sources */ = {isa = PBXBuildFile; fileRef = 87F4922FF168471FAB9221B8 /* FocusClassifier.swift */; };
		82B686F848B441FFA7D7F60E /* InterruptionPolicy.swift in Sources */ = {isa = PBXBuildFile; fileRef = 48AEC03B77104BC1B31BB0D5 /* InterruptionPolicy.swift */; };
		D8D309C46E9847B384A4AE77 /* AppSwitchHysteresis.swift in Sources */ = {isa = PBXBuildFile; fileRef = 1B1EB0B71F7940E7AA4EEF0D /* AppSwitchHysteresis.swift */; };
		FFEA7D4BA417483AA7658BB1 /* ScrollSessionTracker.swift in Sources */ = {isa = PBXBuildFile; fileRef = D9731B8D1B764509A9A321B2 /* ScrollSessionTracker.swift */; };
		708CDB760B644345ACD40782 /* WindowContextProvider.swift in Sources */ = {isa = PBXBuildFile; fileRef = F2311520EFF7466FBBDF2A4B /* WindowContextProvider.swift */; };
		214DC06FDD2A4713B4B774D4 /* ScrollWheelMonitor.swift in Sources */ = {isa = PBXBuildFile; fileRef = FD3BAEFF47804AFE91A909DE /* ScrollWheelMonitor.swift */; };
		A80DD6A5B5D54F75B16E4488 /* FocusEngineService.swift in Sources */ = {isa = PBXBuildFile; fileRef = 61868F48ECB04037B78EE0CA /* FocusEngineService.swift */; };
		3C0070D4F1664032B5E1AC7D /* LLMProvider.swift in Sources */ = {isa = PBXBuildFile; fileRef = 6B37DA16FF3A48DF963045CE /* LLMProvider.swift */; };
		66248D719A3D48869FB4ACBF /* MockLLMProvider.swift in Sources */ = {isa = PBXBuildFile; fileRef = B3D6A49F1E0A4010851C2C8C /* MockLLMProvider.swift */; };
		EDB44E202FD9441E8F90CAB3 /* MLXProvider.swift in Sources */ = {isa = PBXBuildFile; fileRef = 3FB6A46701484EA082E1F3AE /* MLXProvider.swift */; };
		3EC8AF158E9A4C49A9139CE2 /* OllamaProvider.swift in Sources */ = {isa = PBXBuildFile; fileRef = 81B13606C19A4665BF89C5C7 /* OllamaProvider.swift */; };
		77F2D96CFB1B4A93879D0BDE /* GremlinPrompts.swift in Sources */ = {isa = PBXBuildFile; fileRef = D6113E8A011B4794BA395EB4 /* GremlinPrompts.swift */; };
		1223FCF8793E49129E268AAE /* GremlinOrchestrator.swift in Sources */ = {isa = PBXBuildFile; fileRef = A1E6AD15D027468492C68BA6 /* GremlinOrchestrator.swift */; };
		CC845906072A486B8FDE30CF /* RecentMessageMemory.swift in Sources */ = {isa = PBXBuildFile; fileRef = 57E5C214167D4541A4791CDA /* RecentMessageMemory.swift */; };
		7D0B7F9591D34D7489030122 /* TemplatePhraseBank.swift in Sources */ = {isa = PBXBuildFile; fileRef = C59F9124CA644DCD9151281C /* TemplatePhraseBank.swift */; };
		E45E8D91267E4107BD706E6E /* MessageSelector.swift in Sources */ = {isa = PBXBuildFile; fileRef = A010155873044164891B5515 /* MessageSelector.swift */; };
		B298761BFF6B4DD0BB416F3D /* SettingsStore.swift in Sources */ = {isa = PBXBuildFile; fileRef = B4EDC3BFB15C486396320459 /* SettingsStore.swift */; };
		3D767EDEE9BE4524A4756DFF /* SettingsRootView.swift in Sources */ = {isa = PBXBuildFile; fileRef = 5AAAEB75A92A4FAFBF246B0F /* SettingsRootView.swift */; };
		4ADF5DAC2736429780F95BB8 /* OnboardingView.swift in Sources */ = {isa = PBXBuildFile; fileRef = 6B20D6FE90D04975A00C7E82 /* OnboardingView.swift */; };
		C81EAA88813C41188B4BB496 /* PermissionGate.swift in Sources */ = {isa = PBXBuildFile; fileRef = 32BECE7B6AA34D4EAB3CEF28 /* PermissionGate.swift */; };
		8082B53DB716455288687442 /* AppLogger.swift in Sources */ = {isa = PBXBuildFile; fileRef = 6C1760EA7BF24C47B75313FD /* AppLogger.swift */; };
		2C3B4B970E89407EAFB87F48 /* FeatureFlags.swift in Sources */ = {isa = PBXBuildFile; fileRef = 07D652D2F54E4DBE9E65BA72 /* FeatureFlags.swift */; };
		98D012B3C00042B0A76D4A44 /* LoginItemManager.swift in Sources */ = {isa = PBXBuildFile; fileRef = DC29FA0FA3194E559CC82585 /* LoginItemManager.swift */; };
		BADDCAFE0000000000000003 /* SmartCategoryMerge.swift in Sources */ = {isa = PBXBuildFile; fileRef = BADDCAFE0000000000000002 /* SmartCategoryMerge.swift */; };
		BADDCAFE0000000000000005 /* ScreenCaptureService.swift in Sources */ = {isa = PBXBuildFile; fileRef = BADDCAFE0000000000000004 /* ScreenCaptureService.swift */; };
		BADDCAFE0000000000000007 /* OllamaVisionClassifier.swift in Sources */ = {isa = PBXBuildFile; fileRef = BADDCAFE0000000000000006 /* OllamaVisionClassifier.swift */; };
		BADDCAFE0000000000000009 /* SmartModeController.swift in Sources */ = {isa = PBXBuildFile; fileRef = BADDCAFE0000000000000008 /* SmartModeController.swift */; };
		BADDCAFE000000000000000B /* Assets.xcassets in Resources */ = {isa = PBXBuildFile; fileRef = BADDCAFE000000000000000A /* Assets.xcassets */; };
		D4B463F17D4445209CB1A866 /* FocusGremlinTests.swift in Sources */ = {isa = PBXBuildFile; fileRef = 9F52F3F9EAC84785B73440E7 /* FocusGremlinTests.swift */; };
/* End PBXBuildFile section */

/* Begin PBXFileReference section */
		6DEAE63470494D58B317FF99 /* FocusGremlin.app */ = {isa = PBXFileReference; explicitFileType = wrapper.application; includeInIndex = 0; path = FocusGremlin.app; sourceTree = BUILT_PRODUCTS_DIR; };
		559A556472C447B4B5060D91 /* FocusGremlinTests.xctest */ = {isa = PBXFileReference; explicitFileType = wrapper.cfbundle; includeInIndex = 0; path = FocusGremlinTests.xctest; sourceTree = BUILT_PRODUCTS_DIR; };
		3BBDA3E72965480F8E85DC4B /* Info.plist */ = {isa = PBXFileReference; lastKnownFileType = text.plist.xml; path = Info.plist; sourceTree = "<group>"; };
		D2C8D35D12E14764B8AC7F3E /* FocusGremlin.entitlements */ = {isa = PBXFileReference; lastKnownFileType = text.plist.entitlements; path = FocusGremlin.entitlements; sourceTree = "<group>"; };
		37E09F89D59F4F44A0B45CD1 /* FocusGremlinApp.swift */ = {isa = PBXFileReference; lastKnownFileType = sourcecode.swift; path = FocusGremlinApp.swift; sourceTree = "<group>"; };
		094B75E0A2F14208B6496F84 /* AppDelegate.swift */ = {isa = PBXFileReference; lastKnownFileType = sourcecode.swift; path = AppDelegate.swift; sourceTree = "<group>"; };
		C4BDF42DDD6141B282F521AB /* CompanionSession.swift */ = {isa = PBXFileReference; lastKnownFileType = sourcecode.swift; path = CompanionSession.swift; sourceTree = "<group>"; };
		C8F8513631204852B76E1F28 /* RootShellView.swift */ = {isa = PBXFileReference; lastKnownFileType = sourcecode.swift; path = RootShellView.swift; sourceTree = "<group>"; };
		FFAEE8D92A464D81A1619695 /* OverlayPanelController.swift */ = {isa = PBXFileReference; lastKnownFileType = sourcecode.swift; path = OverlayPanelController.swift; sourceTree = "<group>"; };
		56BC4FEA465146949D204583 /* CompanionViewModel.swift */ = {isa = PBXFileReference; lastKnownFileType = sourcecode.swift; path = CompanionViewModel.swift; sourceTree = "<group>"; };
		0D155C55F28148FF9E0A4609 /* CompanionBubbleView.swift */ = {isa = PBXFileReference; lastKnownFileType = sourcecode.swift; path = CompanionBubbleView.swift; sourceTree = "<group>"; };
		D92C729FD2DC4E5FB0DA06A9 /* TypingDotsView.swift */ = {isa = PBXFileReference; lastKnownFileType = sourcecode.swift; path = TypingDotsView.swift; sourceTree = "<group>"; };
		D26A48B6EE0348EEB3A59B1E /* FocusTypes.swift */ = {isa = PBXFileReference; lastKnownFileType = sourcecode.swift; path = FocusTypes.swift; sourceTree = "<group>"; };
		87F4922FF168471FAB9221B8 /* FocusClassifier.swift */ = {isa = PBXFileReference; lastKnownFileType = sourcecode.swift; path = FocusClassifier.swift; sourceTree = "<group>"; };
		48AEC03B77104BC1B31BB0D5 /* InterruptionPolicy.swift */ = {isa = PBXFileReference; lastKnownFileType = sourcecode.swift; path = InterruptionPolicy.swift; sourceTree = "<group>"; };
		1B1EB0B71F7940E7AA4EEF0D /* AppSwitchHysteresis.swift */ = {isa = PBXFileReference; lastKnownFileType = sourcecode.swift; path = AppSwitchHysteresis.swift; sourceTree = "<group>"; };
		D9731B8D1B764509A9A321B2 /* ScrollSessionTracker.swift */ = {isa = PBXFileReference; lastKnownFileType = sourcecode.swift; path = ScrollSessionTracker.swift; sourceTree = "<group>"; };
		F2311520EFF7466FBBDF2A4B /* WindowContextProvider.swift */ = {isa = PBXFileReference; lastKnownFileType = sourcecode.swift; path = WindowContextProvider.swift; sourceTree = "<group>"; };
		FD3BAEFF47804AFE91A909DE /* ScrollWheelMonitor.swift */ = {isa = PBXFileReference; lastKnownFileType = sourcecode.swift; path = ScrollWheelMonitor.swift; sourceTree = "<group>"; };
		61868F48ECB04037B78EE0CA /* FocusEngineService.swift */ = {isa = PBXFileReference; lastKnownFileType = sourcecode.swift; path = FocusEngineService.swift; sourceTree = "<group>"; };
		6B37DA16FF3A48DF963045CE /* LLMProvider.swift */ = {isa = PBXFileReference; lastKnownFileType = sourcecode.swift; path = LLMProvider.swift; sourceTree = "<group>"; };
		B3D6A49F1E0A4010851C2C8C /* MockLLMProvider.swift */ = {isa = PBXFileReference; lastKnownFileType = sourcecode.swift; path = MockLLMProvider.swift; sourceTree = "<group>"; };
		3FB6A46701484EA082E1F3AE /* MLXProvider.swift */ = {isa = PBXFileReference; lastKnownFileType = sourcecode.swift; path = MLXProvider.swift; sourceTree = "<group>"; };
		81B13606C19A4665BF89C5C7 /* OllamaProvider.swift */ = {isa = PBXFileReference; lastKnownFileType = sourcecode.swift; path = OllamaProvider.swift; sourceTree = "<group>"; };
		D6113E8A011B4794BA395EB4 /* GremlinPrompts.swift */ = {isa = PBXFileReference; lastKnownFileType = sourcecode.swift; path = GremlinPrompts.swift; sourceTree = "<group>"; };
		A1E6AD15D027468492C68BA6 /* GremlinOrchestrator.swift */ = {isa = PBXFileReference; lastKnownFileType = sourcecode.swift; path = GremlinOrchestrator.swift; sourceTree = "<group>"; };
		57E5C214167D4541A4791CDA /* RecentMessageMemory.swift */ = {isa = PBXFileReference; lastKnownFileType = sourcecode.swift; path = RecentMessageMemory.swift; sourceTree = "<group>"; };
		C59F9124CA644DCD9151281C /* TemplatePhraseBank.swift */ = {isa = PBXFileReference; lastKnownFileType = sourcecode.swift; path = TemplatePhraseBank.swift; sourceTree = "<group>"; };
		A010155873044164891B5515 /* MessageSelector.swift */ = {isa = PBXFileReference; lastKnownFileType = sourcecode.swift; path = MessageSelector.swift; sourceTree = "<group>"; };
		B4EDC3BFB15C486396320459 /* SettingsStore.swift */ = {isa = PBXFileReference; lastKnownFileType = sourcecode.swift; path = SettingsStore.swift; sourceTree = "<group>"; };
		5AAAEB75A92A4FAFBF246B0F /* SettingsRootView.swift */ = {isa = PBXFileReference; lastKnownFileType = sourcecode.swift; path = SettingsRootView.swift; sourceTree = "<group>"; };
		6B20D6FE90D04975A00C7E82 /* OnboardingView.swift */ = {isa = PBXFileReference; lastKnownFileType = sourcecode.swift; path = OnboardingView.swift; sourceTree = "<group>"; };
		32BECE7B6AA34D4EAB3CEF28 /* PermissionGate.swift */ = {isa = PBXFileReference; lastKnownFileType = sourcecode.swift; path = PermissionGate.swift; sourceTree = "<group>"; };
		6C1760EA7BF24C47B75313FD /* AppLogger.swift */ = {isa = PBXFileReference; lastKnownFileType = sourcecode.swift; path = AppLogger.swift; sourceTree = "<group>"; };
		07D652D2F54E4DBE9E65BA72 /* FeatureFlags.swift */ = {isa = PBXFileReference; lastKnownFileType = sourcecode.swift; path = FeatureFlags.swift; sourceTree = "<group>"; };
		DC29FA0FA3194E559CC82585 /* LoginItemManager.swift */ = {isa = PBXFileReference; lastKnownFileType = sourcecode.swift; path = LoginItemManager.swift; sourceTree = "<group>"; };
		BADDCAFE0000000000000002 /* SmartCategoryMerge.swift */ = {isa = PBXFileReference; lastKnownFileType = sourcecode.swift; path = SmartCategoryMerge.swift; sourceTree = "<group>"; };
		BADDCAFE0000000000000004 /* ScreenCaptureService.swift */ = {isa = PBXFileReference; lastKnownFileType = sourcecode.swift; path = ScreenCaptureService.swift; sourceTree = "<group>"; };
		BADDCAFE0000000000000006 /* OllamaVisionClassifier.swift */ = {isa = PBXFileReference; lastKnownFileType = sourcecode.swift; path = OllamaVisionClassifier.swift; sourceTree = "<group>"; };
		BADDCAFE0000000000000008 /* SmartModeController.swift */ = {isa = PBXFileReference; lastKnownFileType = sourcecode.swift; path = SmartModeController.swift; sourceTree = "<group>"; };
		BADDCAFE000000000000000A /* Assets.xcassets */ = {isa = PBXFileReference; lastKnownFileType = folder.assetcatalog; path = Assets.xcassets; sourceTree = "<group>"; };
		9F52F3F9EAC84785B73440E7 /* FocusGremlinTests.swift */ = {isa = PBXFileReference; lastKnownFileType = sourcecode.swift; path = FocusGremlinTests.swift; sourceTree = "<group>"; };
/* End PBXFileReference section */

/* Begin PBXFrameworksBuildPhase section */
		18B9DDE8D6DF42FA936DE025 /* Frameworks */ = {
			isa = PBXFrameworksBuildPhase;
			buildActionMask = 2147483647;
			files = (
			);
			runOnlyForDeploymentPostprocessing = 0;
		};
		47EF128A866E422C869B8DDC /* Frameworks */ = {
			isa = PBXFrameworksBuildPhase;
			buildActionMask = 2147483647;
			files = (
			);
			runOnlyForDeploymentPostprocessing = 0;
		};
/* End PBXFrameworksBuildPhase section */

/* Begin PBXGroup section */
		24E8957E0DFE466CBD6E3BEF = {
			isa = PBXGroup;
			children = (
				5205EE03CABA498CA6D77602 /* FocusGremlin */,
				E29CF6716DC04B8691A49D19 /* Products */,
				479495F42A91401CBCA2733F /* FocusGremlinTests */,
			);
			sourceTree = "<group>";
		};
		E29CF6716DC04B8691A49D19 = {
			isa = PBXGroup;
			children = (
				6DEAE63470494D58B317FF99 /* FocusGremlin.app */,
				559A556472C447B4B5060D91 /* FocusGremlinTests.xctest */,
			);
			name = Products;
			sourceTree = "<group>";
		};
		9E5988C604FB42198688BE48 = {
			isa = PBXGroup;
			children = (
				37E09F89D59F4F44A0B45CD1,
				094B75E0A2F14208B6496F84,
				C4BDF42DDD6141B282F521AB,
				C8F8513631204852B76E1F28,
			);
			path = App;
			sourceTree = "<group>";
		};
		3880E444A92F480BA1BF126A = {
			isa = PBXGroup;
			children = (
				FFAEE8D92A464D81A1619695,
				56BC4FEA465146949D204583,
			);
			path = Overlay;
			sourceTree = "<group>";
		};
		EDB214A9DD3F4E9DA254490F = {
			isa = PBXGroup;
			children = (
				0D155C55F28148FF9E0A4609,
				D92C729FD2DC4E5FB0DA06A9,
			);
			path = UI;
			sourceTree = "<group>";
		};
		598231090550419AB058CC3C = {
			isa = PBXGroup;
			children = (
				D26A48B6EE0348EEB3A59B1E,
				87F4922FF168471FAB9221B8,
				48AEC03B77104BC1B31BB0D5,
				1B1EB0B71F7940E7AA4EEF0D,
				D9731B8D1B764509A9A321B2,
				F2311520EFF7466FBBDF2A4B,
				FD3BAEFF47804AFE91A909DE,
				61868F48ECB04037B78EE0CA,
			);
			path = FocusEngine;
			sourceTree = "<group>";
		};
		0C425015964B415EA20DF26B = {
			isa = PBXGroup;
			children = (
				6B37DA16FF3A48DF963045CE,
				B3D6A49F1E0A4010851C2C8C,
				3FB6A46701484EA082E1F3AE,
				81B13606C19A4665BF89C5C7,
				D6113E8A011B4794BA395EB4,
				A1E6AD15D027468492C68BA6,
			);
			path = LLM;
			sourceTree = "<group>";
		};
		4B3395308FE3464EBD0A60B1 = {
			isa = PBXGroup;
			children = (
				57E5C214167D4541A4791CDA,
				C59F9124CA644DCD9151281C,
				A010155873044164891B5515,
			);
			path = Character;
			sourceTree = "<group>";
		};
		5216E6A0550844D99255FEF1 = {
			isa = PBXGroup;
			children = (
				B4EDC3BFB15C486396320459,
			);
			path = Persistence;
			sourceTree = "<group>";
		};
		F7639F6C158346F295063ECD = {
			isa = PBXGroup;
			children = (
				5AAAEB75A92A4FAFBF246B0F,
			);
			path = Settings;
			sourceTree = "<group>";
		};
		4459484628A5453394424680 = {
			isa = PBXGroup;
			children = (
				6B20D6FE90D04975A00C7E82,
			);
			path = Onboarding;
			sourceTree = "<group>";
		};
		5C4E83ADCA114627A97F175D = {
			isa = PBXGroup;
			children = (
				32BECE7B6AA34D4EAB3CEF28,
			);
			path = Permissions;
			sourceTree = "<group>";
		};
		79C1B5DD4CF2464BB99BDD30 = {
			isa = PBXGroup;
			children = (
				6C1760EA7BF24C47B75313FD,
				07D652D2F54E4DBE9E65BA72,
				DC29FA0FA3194E559CC82585,
			);
			path = Utilities;
			sourceTree = "<group>";
		};
		BADDCAFE0000000000000001 = {
			isa = PBXGroup;
			children = (
				BADDCAFE0000000000000002,
				BADDCAFE0000000000000004,
				BADDCAFE0000000000000006,
				BADDCAFE0000000000000008,
			);
			path = SmartMode;
			sourceTree = "<group>";
		};
		479495F42A91401CBCA2733F = {
			isa = PBXGroup;
			children = (
				9F52F3F9EAC84785B73440E7 /* FocusGremlinTests.swift */,
			);
			path = FocusGremlinTests;
			sourceTree = "<group>";
		};
		5205EE03CABA498CA6D77602 = {
			isa = PBXGroup;
			children = (
				BADDCAFE000000000000000A /* Assets.xcassets */,
				3BBDA3E72965480F8E85DC4B /* Info.plist */,
				D2C8D35D12E14764B8AC7F3E /* FocusGremlin.entitlements */,
				9E5988C604FB42198688BE48 /* app */,
				3880E444A92F480BA1BF126A /* overlay */,
				EDB214A9DD3F4E9DA254490F /* ui */,
				598231090550419AB058CC3C /* focus */,
				0C425015964B415EA20DF26B /* llm */,
				4B3395308FE3464EBD0A60B1 /* character */,
				5216E6A0550844D99255FEF1 /* persistence */,
				F7639F6C158346F295063ECD /* settings */,
				4459484628A5453394424680 /* onboarding */,
				5C4E83ADCA114627A97F175D /* permissions */,
				79C1B5DD4CF2464BB99BDD30 /* utilities */,
				BADDCAFE0000000000000001 /* SmartMode */,
			);
			path = FocusGremlin;
			sourceTree = "<group>";
		};
/* End PBXGroup section */

/* Begin PBXNativeTarget section */
		3C09D5AEE8284390BF87DA41 /* FocusGremlin */ = {
			isa = PBXNativeTarget;
			buildConfigurationList = E88F600F8F484CC4A97A9325 /* Build configuration list for PBXNativeTarget "FocusGremlin" */;
			buildPhases = (
				F65DCD2CFAF948F783DD5491 /* Sources */,
				18B9DDE8D6DF42FA936DE025 /* Frameworks */,
				83F394E968F3418DAA7D3652 /* Resources */,
			);
			buildRules = ();
			dependencies = ();
			name = FocusGremlin;
			productName = FocusGremlin;
			productReference = 6DEAE63470494D58B317FF99 /* FocusGremlin.app */;
			productType = "com.apple.product-type.application";
		};
		A78ED20045E04FAD96D5D28C /* FocusGremlinTests */ = {
			isa = PBXNativeTarget;
			buildConfigurationList = EED70FFD179C4755861B162A /* Build configuration list for PBXNativeTarget "FocusGremlinTests" */;
			buildPhases = (
				42B321F5640541E5AE3B9B83 /* Sources */,
				47EF128A866E422C869B8DDC /* Frameworks */,
			);
			buildRules = ();
			dependencies = (
				C95623D4AC314C02ABC6D5F2 /* PBXTargetDependency */,
			);
			name = FocusGremlinTests;
			productName = FocusGremlinTests;
			productReference = 559A556472C447B4B5060D91 /* FocusGremlinTests.xctest */;
			productType = "com.apple.product-type.bundle.unit-test";
		};
/* End PBXNativeTarget section */

/* Begin PBXProject section */
		0236B50C5F264563B451F41E /* Project object */ = {
			isa = PBXProject;
			attributes = {BuildIndependentTargetsInParallel = 1; LastSwiftUpdateCheck = 1500; LastUpgradeCheck = 1500; TargetAttributes = { 3C09D5AEE8284390BF87DA41 = { CreatedOnToolsVersion = 15.0; }; A78ED20045E04FAD96D5D28C = { CreatedOnToolsVersion = 15.0; TestTargetID = 3C09D5AEE8284390BF87DA41; }; }; };
			buildConfigurationList = 7AEF9F073C634D428BEE5DE4 /* Build configuration list for PBXProject "FocusGremlin" */;
			compatibilityVersion = "Xcode 14.0";
			developmentRegion = en;
			hasScannedForEncodings = 0;
			knownRegions = (
				en,
				Base,
			);
			mainGroup = 24E8957E0DFE466CBD6E3BEF;
			productRefGroup = E29CF6716DC04B8691A49D19 /* Products */;
			projectDirPath = "";
			projectRoot = "";
			targets = (
				3C09D5AEE8284390BF87DA41 /* FocusGremlin */,
				A78ED20045E04FAD96D5D28C /* FocusGremlinTests */,
			);
		};
/* End PBXProject section */

/* Begin PBXResourcesBuildPhase section */
		83F394E968F3418DAA7D3652 /* Resources */ = {
			isa = PBXResourcesBuildPhase;
			buildActionMask = 2147483647;
			files = (
				BADDCAFE000000000000000B /* Assets.xcassets in Resources */,
			);
			runOnlyForDeploymentPostprocessing = 0;
		};
/* End PBXResourcesBuildPhase section */

/* Begin PBXSourcesBuildPhase section */
		F65DCD2CFAF948F783DD5491 /* Sources */ = {
			isa = PBXSourcesBuildPhase;
			buildActionMask = 2147483647;
			files = (
				BDDFB6C4B9A34AE482943A56 /* FocusGremlinApp.swift in Sources */,
				38D3A75EC16C4EAF8BE3C098 /* AppDelegate.swift in Sources */,
				2B661C9FDA9D4884969A4DB0 /* CompanionSession.swift in Sources */,
				195B24C2C1924759A14F5CB1 /* RootShellView.swift in Sources */,
				8DDFE9B576574796B7D76AAB /* OverlayPanelController.swift in Sources */,
				069B0D7885F4480685E1DE66 /* CompanionViewModel.swift in Sources */,
				429BA78F267947339FEE4AD7 /* CompanionBubbleView.swift in Sources */,
				BC5E86583AAD486CA0839FC2 /* TypingDotsView.swift in Sources */,
				6A82CA30A9334B708D0C08A7 /* FocusTypes.swift in Sources */,
				0CE0A139F10E44E594F9E6F0 /* FocusClassifier.swift in Sources */,
				82B686F848B441FFA7D7F60E /* InterruptionPolicy.swift in Sources */,
				D8D309C46E9847B384A4AE77 /* AppSwitchHysteresis.swift in Sources */,
				FFEA7D4BA417483AA7658BB1 /* ScrollSessionTracker.swift in Sources */,
				708CDB760B644345ACD40782 /* WindowContextProvider.swift in Sources */,
				214DC06FDD2A4713B4B774D4 /* ScrollWheelMonitor.swift in Sources */,
				A80DD6A5B5D54F75B16E4488 /* FocusEngineService.swift in Sources */,
				3C0070D4F1664032B5E1AC7D /* LLMProvider.swift in Sources */,
				66248D719A3D48869FB4ACBF /* MockLLMProvider.swift in Sources */,
				EDB44E202FD9441E8F90CAB3 /* MLXProvider.swift in Sources */,
				3EC8AF158E9A4C49A9139CE2 /* OllamaProvider.swift in Sources */,
				77F2D96CFB1B4A93879D0BDE /* GremlinPrompts.swift in Sources */,
				1223FCF8793E49129E268AAE /* GremlinOrchestrator.swift in Sources */,
				CC845906072A486B8FDE30CF /* RecentMessageMemory.swift in Sources */,
				7D0B7F9591D34D7489030122 /* TemplatePhraseBank.swift in Sources */,
				E45E8D91267E4107BD706E6E /* MessageSelector.swift in Sources */,
				B298761BFF6B4DD0BB416F3D /* SettingsStore.swift in Sources */,
				3D767EDEE9BE4524A4756DFF /* SettingsRootView.swift in Sources */,
				4ADF5DAC2736429780F95BB8 /* OnboardingView.swift in Sources */,
				C81EAA88813C41188B4BB496 /* PermissionGate.swift in Sources */,
				8082B53DB716455288687442 /* AppLogger.swift in Sources */,
				2C3B4B970E89407EAFB87F48 /* FeatureFlags.swift in Sources */,
				98D012B3C00042B0A76D4A44 /* LoginItemManager.swift in Sources */,
				BADDCAFE0000000000000003 /* SmartCategoryMerge.swift in Sources */,
				BADDCAFE0000000000000005 /* ScreenCaptureService.swift in Sources */,
				BADDCAFE0000000000000007 /* OllamaVisionClassifier.swift in Sources */,
				BADDCAFE0000000000000009 /* SmartModeController.swift in Sources */,
			);
			runOnlyForDeploymentPostprocessing = 0;
		};
		42B321F5640541E5AE3B9B83 /* Sources */ = {
			isa = PBXSourcesBuildPhase;
			buildActionMask = 2147483647;
			files = (
				D4B463F17D4445209CB1A866 /* FocusGremlinTests.swift in Sources */,
			);
			runOnlyForDeploymentPostprocessing = 0;
		};
/* End PBXSourcesBuildPhase section */

/* Begin PBXContainerItemProxy section */
		A82DD3BAF6AF4FBE949E9EAE /* PBXContainerItemProxy */ = {
			isa = PBXContainerItemProxy;
			containerPortal = 0236B50C5F264563B451F41E /* Project object */;
			proxyType = 1;
			remoteGlobalIDString = 3C09D5AEE8284390BF87DA41;
			remoteInfo = FocusGremlin;
		};
/* End PBXContainerItemProxy section */

/* Begin PBXTargetDependency section */
		C95623D4AC314C02ABC6D5F2 /* PBXTargetDependency */ = {
			isa = PBXTargetDependency;
			target = 3C09D5AEE8284390BF87DA41 /* FocusGremlin */;
			targetProxy = A82DD3BAF6AF4FBE949E9EAE /* PBXContainerItemProxy */;
		};
/* End PBXTargetDependency section */

/* Begin XCBuildConfiguration section */
		9B3CCDBD68B6447081986388 /* Debug */ = {
			isa = XCBuildConfiguration;
			buildSettings = {
				ASSETCATALOG_COMPILER_APPICON_NAME = AppIcon;
				CODE_SIGN_ENTITLEMENTS = FocusGremlin/FocusGremlin.entitlements;
				CODE_SIGN_STYLE = Automatic;
				COMBINE_HIDPI_IMAGES = YES;
				CURRENT_PROJECT_VERSION = 1;
				DEVELOPMENT_TEAM = "";
				ENABLE_HARDENED_RUNTIME = YES;
				ENABLE_TESTABILITY = YES;
				GENERATE_INFOPLIST_FILE = NO;
				INFOPLIST_FILE = FocusGremlin/Info.plist;
				INFOPLIST_KEY_CFBundleDisplayName = Focus Gremlin;
				INFOPLIST_KEY_LSApplicationCategoryType = public.app-category.productivity;
				LD_RUNPATH_SEARCH_PATHS = "$(inherited) @executable_path/../Frameworks";
				MACOSX_DEPLOYMENT_TARGET = 14.0;
				MARKETING_VERSION = 1.0;
				PRODUCT_BUNDLE_IDENTIFIER = com.focusgremlin.app;
				PRODUCT_NAME = "$(TARGET_NAME)";
				SWIFT_EMIT_LOC_STRINGS = YES;
				SWIFT_VERSION = 5.0;
				DEBUG_INFORMATION_FORMAT = dwarf;
				SWIFT_ACTIVE_COMPILATION_CONDITIONS = DEBUG;
				SWIFT_OPTIMIZATION_LEVEL = "-Onone";
			};
			name = Debug;
		};
		786CE22D445C4AB2975EA97B /* Release */ = {
			isa = XCBuildConfiguration;
			buildSettings = {
				ASSETCATALOG_COMPILER_APPICON_NAME = AppIcon;
				CODE_SIGN_ENTITLEMENTS = FocusGremlin/FocusGremlin.entitlements;
				CODE_SIGN_STYLE = Automatic;
				COMBINE_HIDPI_IMAGES = YES;
				CURRENT_PROJECT_VERSION = 1;
				DEVELOPMENT_TEAM = "";
				ENABLE_HARDENED_RUNTIME = YES;
				GENERATE_INFOPLIST_FILE = NO;
				INFOPLIST_FILE = FocusGremlin/Info.plist;
				INFOPLIST_KEY_CFBundleDisplayName = Focus Gremlin;
				INFOPLIST_KEY_LSApplicationCategoryType = public.app-category.productivity;
				LD_RUNPATH_SEARCH_PATHS = "$(inherited) @executable_path/../Frameworks";
				MACOSX_DEPLOYMENT_TARGET = 14.0;
				MARKETING_VERSION = 1.0;
				PRODUCT_BUNDLE_IDENTIFIER = com.focusgremlin.app;
				PRODUCT_NAME = "$(TARGET_NAME)";
				SWIFT_EMIT_LOC_STRINGS = YES;
				SWIFT_VERSION = 5.0;
				DEBUG_INFORMATION_FORMAT = dwarf;
				SWIFT_COMPILATION_MODE = wholemodule;
			};
			name = Release;
		};
		394B94EC462242DD86667236 /* Debug */ = {
			isa = XCBuildConfiguration;
			buildSettings = {
				BUNDLE_LOADER = "$(TEST_HOST)";
				CODE_SIGN_STYLE = Automatic;
				CURRENT_PROJECT_VERSION = 1;
				DEVELOPMENT_TEAM = "";
				GENERATE_INFOPLIST_FILE = YES;
				MACOSX_DEPLOYMENT_TARGET = 14.0;
				MARKETING_VERSION = 1.0;
				PRODUCT_BUNDLE_IDENTIFIER = com.focusgremlin.tests;
				PRODUCT_NAME = "$(TARGET_NAME)";
				SWIFT_EMIT_LOC_STRINGS = NO;
				SWIFT_VERSION = 5.0;
				TEST_HOST = "$(BUILT_PRODUCTS_DIR)/FocusGremlin.app/Contents/MacOS/FocusGremlin";
				SWIFT_ACTIVE_COMPILATION_CONDITIONS = DEBUG;
			};
			name = Debug;
		};
		4F9850BD86F3412B8833702E /* Release */ = {
			isa = XCBuildConfiguration;
			buildSettings = {
				BUNDLE_LOADER = "$(TEST_HOST)";
				CODE_SIGN_STYLE = Automatic;
				CURRENT_PROJECT_VERSION = 1;
				DEVELOPMENT_TEAM = "";
				GENERATE_INFOPLIST_FILE = YES;
				MACOSX_DEPLOYMENT_TARGET = 14.0;
				MARKETING_VERSION = 1.0;
				PRODUCT_BUNDLE_IDENTIFIER = com.focusgremlin.tests;
				PRODUCT_NAME = "$(TARGET_NAME)";
				SWIFT_EMIT_LOC_STRINGS = NO;
				SWIFT_VERSION = 5.0;
				TEST_HOST = "$(BUILT_PRODUCTS_DIR)/FocusGremlin.app/Contents/MacOS/FocusGremlin";
			};
			name = Release;
		};
		B265A051124F43B4BC42585C /* Debug */ = {
			isa = XCBuildConfiguration;
			buildSettings = {
				ALWAYS_SEARCH_USER_PATHS = NO;
				CLANG_ENABLE_MODULES = YES;
				CLANG_ENABLE_OBJC_ARC = YES;
				MACOSX_DEPLOYMENT_TARGET = 14.0;
				ONLY_ACTIVE_ARCH = YES;
				SDKROOT = macosx;
				SWIFT_VERSION = 5.0;
			};
			name = Debug;
		};
		C4F87EC4920B4467A2AA7565 /* Release */ = {
			isa = XCBuildConfiguration;
			buildSettings = {
				ALWAYS_SEARCH_USER_PATHS = NO;
				CLANG_ENABLE_MODULES = YES;
				CLANG_ENABLE_OBJC_ARC = YES;
				MACOSX_DEPLOYMENT_TARGET = 14.0;
				ONLY_ACTIVE_ARCH = NO;
				SDKROOT = macosx;
				SWIFT_VERSION = 5.0;
			};
			name = Release;
		};
/* End XCBuildConfiguration section */

/* Begin XCConfigurationList section */
		E88F600F8F484CC4A97A9325 /* Build configuration list for PBXNativeTarget FocusGremlin */ = {
			isa = XCConfigurationList;
			buildConfigurations = (
				9B3CCDBD68B6447081986388 /* Debug */,
				786CE22D445C4AB2975EA97B /* Release */,
			);
			defaultConfigurationIsVisible = 0;
			defaultConfigurationName = Release;
		};
		EED70FFD179C4755861B162A /* Build configuration list for PBXNativeTarget FocusGremlinTests */ = {
			isa = XCConfigurationList;
			buildConfigurations = (
				394B94EC462242DD86667236 /* Debug */,
				4F9850BD86F3412B8833702E /* Release */,
			);
			defaultConfigurationIsVisible = 0;
			defaultConfigurationName = Release;
		};
		7AEF9F073C634D428BEE5DE4 /* Build configuration list for PBXProject FocusGremlin */ = {
			isa = XCConfigurationList;
			buildConfigurations = (
				B265A051124F43B4BC42585C /* Debug */,
				C4F87EC4920B4467A2AA7565 /* Release */,
			);
			defaultConfigurationIsVisible = 0;
			defaultConfigurationName = Release;
		};
/* End XCConfigurationList section */
	};
	rootObject = 0236B50C5F264563B451F41E /* Project object */;
}
